
Microsoft Visual Studio Solution File, Format Version 12.00
# Visual Studio Version 16
VisualStudioVersion = 16.0.30503.244
MinimumVisualStudioVersion = 10.0.40219.1
Project("{FAE04EC0-301F-11D3-BF4B-00C04F79EFBC}") = "HomeWork_1", "C Sharp Home Works\HomeWork_1.csproj", "{54DEC08B-3D22-4408-8DF8-B6A85A41248C}"
EndProject
Project("{FAE04EC0-301F-11D3-BF4B-00C04F79EFBC}") = "HomeWork_2", "HomeWork_2\HomeWork_2.csproj", "{B7374FAD-9596-4095-8C6C-30BF31BDA221}"
EndProject
Project("{FAE04EC0-301F-11D3-BF4B-00C04F79EFBC}") = "HomeWork_3", "HomeWork_3\HomeWork_3.csproj", "{8944C346-B184-4833-AD61-76B1EE8BBD46}"
EndProject
Project("{FAE04EC0-301F-11D3-BF4B-00C04F79EFBC}") = "HomeWork_4", "HomeWork_4\HomeWork_4.csproj", "{8CEE02BC-9E1F-464E-89B5-245449069F1F}"
EndProject
Project("{FAE04EC0-301F-11D3-BF4B-00C04F79EFBC}") = "HomeWork_5", "HomeWork_5\HomeWork_5.csproj", "{55131A2B-6F7A-4A93-B512-0AA3850B4FA9}"
EndProject
Project("{FAE04EC0-301F-11D3-BF4B-00C04F79EFBC}") = "HomeWork_6", "HomeWork_6\HomeWork_6.csproj", "{9A8267E4-E1CC-465D-961A-D4888C71CA8B}"
EndProject
Global
	GlobalSection(SolutionConfigurationPlatforms) = preSolution
		Debug|Any CPU = Debug|Any CPU
		Release|Any CPU = Release|Any CPU
	EndGlobalSection
	GlobalSection(ProjectConfigurationPlatforms) = postSolution
		{54DEC08B-3D22-4408-8DF8-B6A85A41248C}.Debug|Any CPU.ActiveCfg = Debug|Any CPU
		{54DEC08B-3D22-4408-8DF8-B6A85A41248C}.Debug|Any CPU.Build.0 = Debug|Any CPU
		{54DEC08B-3D22-4408-8DF8-B6A85A41248C}.Release|Any CPU.ActiveCfg = Release|Any CPU
		{54DEC08B-3D22-4408-8DF8-B6A85A41248C}.Release|Any CPU.Build.0 = Release|Any CPU
		{B7374FAD-9596-4095-8C6C-30BF31BDA221}.Debug|Any CPU.ActiveCfg = Debug|Any CPU
		{B7374FAD-9596-4095-8C6C-30BF31BDA221}.Debug|Any CPU.Build.0 = Debug|Any CPU
		{B7374FAD-9596-4095-8C6C-30BF31BDA221}.Release|Any CPU.ActiveCfg = Release|Any CPU
		{B7374FAD-9596-4095-8C6C-30BF31BDA221}.Release|Any CPU.Build.0 = Release|Any CPU
		{8944C346-B184-4833-AD61-76B1EE8BBD46}.Debug|Any CPU.ActiveCfg = Debug|Any CPU
		{8944C346-B184-4833-AD61-76B1EE8BBD46}.Debug|Any CPU.Build.0 = Debug|Any CPU
		{8944C346-B184-4833-AD61-76B1EE8BBD46}.Release|Any CPU.ActiveCfg = Release|Any CPU
		{8944C346-B184-4833-AD61-76B1EE8BBD46}.Release|Any CPU.Build.0 = Release|Any CPU
		{8CEE02BC-9E1F-464E-89B5-245449069F1F}.Debug|Any CPU.ActiveCfg = Debug|Any CPU
		{8CEE02BC-9E1F-464E-89B5-245449069F1F}.Debug|Any CPU.Build.0 = Debug|Any CPU
		{8CEE02BC-9E1F-464E-89B5-245449069F1F}.Release|Any CPU.ActiveCfg = Release|Any CPU
		{8CEE02BC-9E1F-464E-89B5-245449069F1F}.Release|Any CPU.Build.0 = Release|Any CPU
		{55131A2B-6F7A-4A93-B512-0AA3850B4FA9}.Debug|Any CPU.ActiveCfg = Debug|Any CPU
		{55131A2B-6F7A-4A93-B512-0AA3850B4FA9}.Debug|Any CPU.Build.0 = Debug|Any CPU
		{55131A2B-6F7A-4A93-B512-0AA3850B4FA9}.Release|Any CPU.ActiveCfg = Release|Any CPU
		{55131A2B-6F7A-4A93-B512-0AA3850B4FA9}.Release|Any CPU.Build.0 = Release|Any CPU
		{9A8267E4-E1CC-465D-961A-D4888C71CA8B}.Debug|Any CPU.ActiveCfg = Debug|Any CPU
		{9A8267E4-E1CC-465D-961A-D4888C71CA8B}.Debug|Any CPU.Build.0 = Debug|Any CPU
		{9A8267E4-E1CC-465D-961A-D4888C71CA8B}.Release|Any CPU.ActiveCfg = Release|Any CPU
		{9A8267E4-E1CC-465D-961A-D4888C71CA8B}.Release|Any CPU.Build.0 = Release|Any CPU
	EndGlobalSection
	GlobalSection(SolutionProperties) = preSolution
		HideSolutionNode = FALSE
	EndGlobalSection
	GlobalSection(ExtensibilityGlobals) = postSolution
		SolutionGuid = {BAC8B7C5-280F-4090-81E6-531C197018A7}
	EndGlobalSection
EndGlobal
